hash: 841f7ca88fc6227442dfc57a19339e968f1c31bc48b333f66e1857b321474528
updated: 2017-01-02T23:11:25.8202105+01:00
imports:
- name: github.com/armon/consul-api
  version: dcfedd50ed5334f96adee43fc88518a4f095e15c
- name: github.com/coreos/go-etcd
  version: 003851be7bb0694fe3cc457a49529a19388ee7cf
  subpackages:
  - etcd
- name: github.com/cpuguy83/go-md2man
  version: a65d4d2de4d5f7c74868dfa9b202a3c8be315aaa
  subpackages:
  - md2man
- name: github.com/dgrijalva/jwt-go
  version: 24c63f56522a87ec5339cc3567883f1039378fdb
- name: github.com/fsnotify/fsnotify
  version: f12c6236fe7b5cf6bcf30e5935d08cb079d78334
- name: github.com/hashicorp/hcl
  version: 99df0eb941dd8ddbc83d3f3605a34f6a686ac85e
  subpackages:
  - hcl/ast
  - hcl/parser
  - hcl/scanner
  - hcl/strconv
  - hcl/token
  - json/parser
  - json/scanner
  - json/token
- name: github.com/inconshreveable/mousetrap
  version: 76626ae9c91c4f2a10f34cad8ce83ea42c93bb75
- name: github.com/klauspost/compress
  version: 08fe86a420401e830c24114bdf9f1ba91331407a
  subpackages:
  - flate
  - gzip
  - zlib
- name: github.com/klauspost/crc32
  version: 19b0b332c9e4516a6370a0456e6182c3b5036720
- name: github.com/kr/fs
  version: 2788f0dbd16903de03cb8186e5c7d97b69ad387b
- name: github.com/labstack/echo
  version: 03efe4d61b73979961720b92c3cee985c29a24f2
  subpackages:
  - context
  - engine
  - engine/standard
  - log
  - middleware
- name: github.com/labstack/gommon
  version: 431777a5117c8de4352a400dad1e2a55f484b189
  subpackages:
  - bytes
  - color
  - log
  - random
- name: github.com/magiconair/properties
  version: 0723e352fa358f9322c938cc2dadda874e9151a9
- name: github.com/mattn/go-colorable
  version: ed8eb9e318d7a84ce5915b495b7d35e0cfe7b5a8
- name: github.com/mattn/go-isatty
  version: 66b8e73f3f5cda9f96b69efd03dd3d7fc4a5cdb8
- name: github.com/mitchellh/mapstructure
  version: ca63d7c062ee3c9f34db231e352b60012b4fd0c1
- name: github.com/moul/http2curl
  version: b1479103caacaa39319f75e7f57fc545287fca0d
- name: github.com/parnurzeal/gorequest
  version: 2aea80ce763523ecc6452e61c3727ae9595a5809
- name: github.com/pelletier/go-buffruneio
  version: df1e16fde7fc330a0ca68167c23bf7ed6ac31d6d
- name: github.com/pelletier/go-toml
  version: 31055c2ff0bb0c7f9095aec0d220aed21108121e
- name: github.com/pkg/errors
  version: 17b591df37844cde689f4d5813e5cea0927d8dd2
- name: github.com/pkg/sftp
  version: 8197a2e580736b78d704be0fc47b2324c0591a32
- name: github.com/robfig/cron
  version: ab4c16f3a09641bd19d65f55b3d8d6edda7a8e05
- name: github.com/Sirupsen/logrus
  version: 3ec0642a7fb6488f65b06f9040adc67e3990296a
- name: github.com/spf13/afero
  version: 20500e2abd0d1f4564a499e83d11d6c73cd58c27
  subpackages:
  - mem
  - sftp
- name: github.com/spf13/cast
  version: e31f36ffc91a2ba9ddb72a4b6a607ff9b3d3cb63
- name: github.com/spf13/cobra
  version: 9c28e4bbd74e5c3ed7aacbc552b2cab7cfdfe744
- name: github.com/spf13/jwalterweatherman
  version: 33c24e77fb80341fe7130ee7c594256ff08ccc46
- name: github.com/spf13/pflag
  version: 6fd2ff4ff8dfcdf5556fbdc0ac0284408274b1a7
- name: github.com/spf13/viper
  version: 16990631d4aa7e38f73dbbbf37fa13e67c648531
- name: github.com/stretchr/testify
  version: d77da356e56a7428ad25149ca77381849a6a5232
- name: github.com/ugorji/go
  version: 98ef79d6c615fa258e892ed0b11c6e013712693e
  subpackages:
  - codec
- name: github.com/valyala/bytebufferpool
  version: e746df99fe4a3986f4d4f79e13c1e0117ce9c2f7
- name: github.com/valyala/fasthttp
  version: 95be7a58499b79d1a42a4e9880fb90645345c021
  subpackages:
  - engine/standard
  - middleware
- name: github.com/valyala/fasttemplate
  version: 3b874956e03f1636d171bda64b130f9135f42cff
- name: github.com/valyala/tcplisten
  version: 2e8869fbe85afac7f081a5cedc51797adcf5b6f1
- name: github.com/xordataexchange/crypt
  version: 749e360c8f236773f28fc6d3ddfce4a470795227
  subpackages:
  - config
- name: golang.org/x/crypto
  version: 05d11b2ca14108dfc7f74f4f66b28c7fe92e1fd0
  subpackages:
  - curve25519
  - ed25519
  - ed25519/internal/edwards25519
  - ssh
- name: golang.org/x/net
  version: 9313baa13d9262e49d07b20ed57dceafcd7240cc
  subpackages:
  - context
  - publicsuffix
- name: golang.org/x/sys
  version: 30de6d19a3bd89a5f38ae4028e23aaa5582648af
  subpackages:
  - unix
- name: golang.org/x/text
  version: 1e65e9bf72c307081cea196f47ef37aed17eb316
  subpackages:
  - transform
  - unicode/norm
- name: gopkg.in/airbrake/gobrake.v2
  version: 5d77bd50d083834501349f8be70197b26963674d
- name: gopkg.in/gemnasium/logrus-airbrake-hook.v2
  version: 31e6fd4bd5a98d8ee7673d24bc54ec73c31810dd
- name: gopkg.in/mgo.v2
  version: 3f83fa5005286a7fe593b055f0d7771a7dce4655
  subpackages:
  - bson
  - internal/json
  - internal/sasl
  - internal/scram
- name: gopkg.in/yaml.v2
  version: e4d366fc3c7938e2958e662b4258c7a89e1f0e3e
testImports: []
